
Microsoft Visual Studio Solution File, Format Version 12.00
# Visual Studio 15
VisualStudioVersion = 15.0.27703.2035
MinimumVisualStudioVersion = 10.0.40219.1
Project("{FAE04EC0-301F-11D3-BF4B-00C04F79EFBC}") = "Distance.Android", "Distance\Distance.Android\Distance.Android.csproj", "{C311CBC2-3553-416F-9285-605C0F314C1C}"
EndProject
Project("{FAE04EC0-301F-11D3-BF4B-00C04F79EFBC}") = "Distance.iOS", "Distance\Distance.iOS\Distance.iOS.csproj", "{8101F9B8-5CC5-430C-9209-D74316A13148}"
EndProject
Project("{9A19103F-16F7-4668-BE54-9A1E7A4F7556}") = "Distance", "Distance\Distance\Distance.csproj", "{0E95D1DB-1703-4238-AADD-0740C913B381}"
EndProject
Global
	GlobalSection(SolutionConfigurationPlatforms) = preSolution
		Ad-Hoc|Any CPU = Ad-Hoc|Any CPU
		Ad-Hoc|iPhone = Ad-Hoc|iPhone
		Ad-Hoc|iPhoneSimulator = Ad-Hoc|iPhoneSimulator
		AppStore|Any CPU = AppStore|Any CPU
		AppStore|iPhone = AppStore|iPhone
		AppStore|iPhoneSimulator = AppStore|iPhoneSimulator
		Debug|Any CPU = Debug|Any CPU
		Debug|iPhone = Debug|iPhone
		Debug|iPhoneSimulator = Debug|iPhoneSimulator
		Release|Any CPU = Release|Any CPU
		Release|iPhone = Release|iPhone
		Release|iPhoneSimulator = Release|iPhoneSimulator
	EndGlobalSection
	GlobalSection(ProjectConfigurationPlatforms) = postSolution
		{C311CBC2-3553-416F-9285-605C0F314C1C}.Ad-Hoc|Any CPU.ActiveCfg = Release|Any CPU
		{C311CBC2-3553-416F-9285-605C0F314C1C}.Ad-Hoc|Any CPU.Build.0 = Release|Any CPU
		{C311CBC2-3553-416F-9285-605C0F314C1C}.Ad-Hoc|Any CPU.Deploy.0 = Release|Any CPU
		{C311CBC2-3553-416F-9285-605C0F314C1C}.Ad-Hoc|iPhone.ActiveCfg = Release|Any CPU
		{C311CBC2-3553-416F-9285-605C0F314C1C}.Ad-Hoc|iPhone.Build.0 = Release|Any CPU
		{C311CBC2-3553-416F-9285-605C0F314C1C}.Ad-Hoc|iPhone.Deploy.0 = Release|Any CPU
		{C311CBC2-3553-416F-9285-605C0F314C1C}.Ad-Hoc|iPhoneSimulator.ActiveCfg = Release|Any CPU
		{C311CBC2-3553-416F-9285-605C0F314C1C}.Ad-Hoc|iPhoneSimulator.Build.0 = Release|Any CPU
		{C311CBC2-3553-416F-9285-605C0F314C1C}.Ad-Hoc|iPhoneSimulator.Deploy.0 = Release|Any CPU
		{C311CBC2-3553-416F-9285-605C0F314C1C}.AppStore|Any CPU.ActiveCfg = Release|Any CPU
		{C311CBC2-3553-416F-9285-605C0F314C1C}.AppStore|Any CPU.Build.0 = Release|Any CPU
		{C311CBC2-3553-416F-9285-605C0F314C1C}.AppStore|Any CPU.Deploy.0 = Release|Any CPU
		{C311CBC2-3553-416F-9285-605C0F314C1C}.AppStore|iPhone.ActiveCfg = Release|Any CPU
		{C311CBC2-3553-416F-9285-605C0F314C1C}.AppStore|iPhone.Build.0 = Release|Any CPU
		{C311CBC2-3553-416F-9285-605C0F314C1C}.AppStore|iPhone.Deploy.0 = Release|Any CPU
		{C311CBC2-3553-416F-9285-605C0F314C1C}.AppStore|iPhoneSimulator.ActiveCfg = Release|Any CPU
		{C311CBC2-3553-416F-9285-605C0F314C1C}.AppStore|iPhoneSimulator.Build.0 = Release|Any CPU
		{C311CBC2-3553-416F-9285-605C0F314C1C}.AppStore|iPhoneSimulator.Deploy.0 = Release|Any CPU
		{C311CBC2-3553-416F-9285-605C0F314C1C}.Debug|Any CPU.ActiveCfg = Debug|Any CPU
		{C311CBC2-3553-416F-9285-605C0F314C1C}.Debug|Any CPU.Build.0 = Debug|Any CPU
		{C311CBC2-3553-416F-9285-605C0F314C1C}.Debug|Any CPU.Deploy.0 = Debug|Any CPU
		{C311CBC2-3553-416F-9285-605C0F314C1C}.Debug|iPhone.ActiveCfg = Debug|Any CPU
		{C311CBC2-3553-416F-9285-605C0F314C1C}.Debug|iPhone.Build.0 = Debug|Any CPU
		{C311CBC2-3553-416F-9285-605C0F314C1C}.Debug|iPhone.Deploy.0 = Debug|Any CPU
		{C311CBC2-3553-416F-9285-605C0F314C1C}.Debug|iPhoneSimulator.ActiveCfg = Debug|Any CPU
		{C311CBC2-3553-416F-9285-605C0F314C1C}.Debug|iPhoneSimulator.Build.0 = Debug|Any CPU
		{C311CBC2-3553-416F-9285-605C0F314C1C}.Debug|iPhoneSimulator.Deploy.0 = Debug|Any CPU
		{C311CBC2-3553-416F-9285-605C0F314C1C}.Release|Any CPU.ActiveCfg = Release|Any CPU
		{C311CBC2-3553-416F-9285-605C0F314C1C}.Release|Any CPU.Build.0 = Release|Any CPU
		{C311CBC2-3553-416F-9285-605C0F314C1C}.Release|Any CPU.Deploy.0 = Release|Any CPU
		{C311CBC2-3553-416F-9285-605C0F314C1C}.Release|iPhone.ActiveCfg = Release|Any CPU
		{C311CBC2-3553-416F-9285-605C0F314C1C}.Release|iPhone.Build.0 = Release|Any CPU
		{C311CBC2-3553-416F-9285-605C0F314C1C}.Release|iPhone.Deploy.0 = Release|Any CPU
		{C311CBC2-3553-416F-9285-605C0F314C1C}.Release|iPhoneSimulator.ActiveCfg = Release|Any CPU
		{C311CBC2-3553-416F-9285-605C0F314C1C}.Release|iPhoneSimulator.Build.0 = Release|Any CPU
		{C311CBC2-3553-416F-9285-605C0F314C1C}.Release|iPhoneSimulator.Deploy.0 = Release|Any CPU
		{8101F9B8-5CC5-430C-9209-D74316A13148}.Ad-Hoc|Any CPU.ActiveCfg = Ad-Hoc|iPhone
		{8101F9B8-5CC5-430C-9209-D74316A13148}.Ad-Hoc|Any CPU.Build.0 = Ad-Hoc|iPhone
		{8101F9B8-5CC5-430C-9209-D74316A13148}.Ad-Hoc|Any CPU.Deploy.0 = Ad-Hoc|iPhone
		{8101F9B8-5CC5-430C-9209-D74316A13148}.Ad-Hoc|iPhone.ActiveCfg = Ad-Hoc|iPhone
		{8101F9B8-5CC5-430C-9209-D74316A13148}.Ad-Hoc|iPhone.Build.0 = Ad-Hoc|iPhone
		{8101F9B8-5CC5-430C-9209-D74316A13148}.Ad-Hoc|iPhone.Deploy.0 = Ad-Hoc|iPhone
		{8101F9B8-5CC5-430C-9209-D74316A13148}.Ad-Hoc|iPhoneSimulator.ActiveCfg = Ad-Hoc|iPhoneSimulator
		{8101F9B8-5CC5-430C-9209-D74316A13148}.Ad-Hoc|iPhoneSimulator.Build.0 = Ad-Hoc|iPhoneSimulator
		{8101F9B8-5CC5-430C-9209-D74316A13148}.Ad-Hoc|iPhoneSimulator.Deploy.0 = Ad-Hoc|iPhoneSimulator
		{8101F9B8-5CC5-430C-9209-D74316A13148}.AppStore|Any CPU.ActiveCfg = AppStore|iPhone
		{8101F9B8-5CC5-430C-9209-D74316A13148}.AppStore|Any CPU.Build.0 = AppStore|iPhone
		{8101F9B8-5CC5-430C-9209-D74316A13148}.AppStore|Any CPU.Deploy.0 = AppStore|iPhone
		{8101F9B8-5CC5-430C-9209-D74316A13148}.AppStore|iPhone.ActiveCfg = AppStore|iPhone
		{8101F9B8-5CC5-430C-9209-D74316A13148}.AppStore|iPhone.Build.0 = AppStore|iPhone
		{8101F9B8-5CC5-430C-9209-D74316A13148}.AppStore|iPhone.Deploy.0 = AppStore|iPhone
		{8101F9B8-5CC5-430C-9209-D74316A13148}.AppStore|iPhoneSimulator.ActiveCfg = AppStore|iPhoneSimulator
		{8101F9B8-5CC5-430C-9209-D74316A13148}.AppStore|iPhoneSimulator.Build.0 = AppStore|iPhoneSimulator
		{8101F9B8-5CC5-430C-9209-D74316A13148}.AppStore|iPhoneSimulator.Deploy.0 = AppStore|iPhoneSimulator
		{8101F9B8-5CC5-430C-9209-D74316A13148}.Debug|Any CPU.ActiveCfg = Debug|iPhoneSimulator
		{8101F9B8-5CC5-430C-9209-D74316A13148}.Debug|Any CPU.Build.0 = Debug|iPhoneSimulator
		{8101F9B8-5CC5-430C-9209-D74316A13148}.Debug|Any CPU.Deploy.0 = Debug|iPhoneSimulator
		{8101F9B8-5CC5-430C-9209-D74316A13148}.Debug|iPhone.ActiveCfg = Debug|iPhone
		{8101F9B8-5CC5-430C-9209-D74316A13148}.Debug|iPhone.Build.0 = Debug|iPhone
		{8101F9B8-5CC5-430C-9209-D74316A13148}.Debug|iPhone.Deploy.0 = Debug|iPhone
		{8101F9B8-5CC5-430C-9209-D74316A13148}.Debug|iPhoneSimulator.ActiveCfg = Debug|iPhoneSimulator
		{8101F9B8-5CC5-430C-9209-D74316A13148}.Debug|iPhoneSimulator.Build.0 = Debug|iPhoneSimulator
		{8101F9B8-5CC5-430C-9209-D74316A13148}.Debug|iPhoneSimulator.Deploy.0 = Debug|iPhoneSimulator
		{8101F9B8-5CC5-430C-9209-D74316A13148}.Release|Any CPU.ActiveCfg = Release|iPhone
		{8101F9B8-5CC5-430C-9209-D74316A13148}.Release|Any CPU.Build.0 = Release|iPhone
		{8101F9B8-5CC5-430C-9209-D74316A13148}.Release|Any CPU.Deploy.0 = Release|iPhone
		{8101F9B8-5CC5-430C-9209-D74316A13148}.Release|iPhone.ActiveCfg = Release|iPhone
		{8101F9B8-5CC5-430C-9209-D74316A13148}.Release|iPhone.Build.0 = Release|iPhone
		{8101F9B8-5CC5-430C-9209-D74316A13148}.Release|iPhone.Deploy.0 = Release|iPhone
		{8101F9B8-5CC5-430C-9209-D74316A13148}.Release|iPhoneSimulator.ActiveCfg = Release|iPhoneSimulator
		{8101F9B8-5CC5-430C-9209-D74316A13148}.Release|iPhoneSimulator.Build.0 = Release|iPhoneSimulator
		{8101F9B8-5CC5-430C-9209-D74316A13148}.Release|iPhoneSimulator.Deploy.0 = Release|iPhoneSimulator
		{0E95D1DB-1703-4238-AADD-0740C913B381}.Ad-Hoc|Any CPU.ActiveCfg = Debug|Any CPU
		{0E95D1DB-1703-4238-AADD-0740C913B381}.Ad-Hoc|Any CPU.Build.0 = Debug|Any CPU
		{0E95D1DB-1703-4238-AADD-0740C913B381}.Ad-Hoc|Any CPU.Deploy.0 = Debug|Any CPU
		{0E95D1DB-1703-4238-AADD-0740C913B381}.Ad-Hoc|iPhone.ActiveCfg = Debug|Any CPU
		{0E95D1DB-1703-4238-AADD-0740C913B381}.Ad-Hoc|iPhone.Build.0 = Debug|Any CPU
		{0E95D1DB-1703-4238-AADD-0740C913B381}.Ad-Hoc|iPhone.Deploy.0 = Debug|Any CPU
		{0E95D1DB-1703-4238-AADD-0740C913B381}.Ad-Hoc|iPhoneSimulator.ActiveCfg = Debug|Any CPU
		{0E95D1DB-1703-4238-AADD-0740C913B381}.Ad-Hoc|iPhoneSimulator.Build.0 = Debug|Any CPU
		{0E95D1DB-1703-4238-AADD-0740C913B381}.Ad-Hoc|iPhoneSimulator.Deploy.0 = Debug|Any CPU
		{0E95D1DB-1703-4238-AADD-0740C913B381}.AppStore|Any CPU.ActiveCfg = Debug|Any CPU
		{0E95D1DB-1703-4238-AADD-0740C913B381}.AppStore|Any CPU.Build.0 = Debug|Any CPU
		{0E95D1DB-1703-4238-AADD-0740C913B381}.AppStore|Any CPU.Deploy.0 = Debug|Any CPU
		{0E95D1DB-1703-4238-AADD-0740C913B381}.AppStore|iPhone.ActiveCfg = Debug|Any CPU
		{0E95D1DB-1703-4238-AADD-0740C913B381}.AppStore|iPhone.Build.0 = Debug|Any CPU
		{0E95D1DB-1703-4238-AADD-0740C913B381}.AppStore|iPhone.Deploy.0 = Debug|Any CPU
		{0E95D1DB-1703-4238-AADD-0740C913B381}.AppStore|iPhoneSimulator.ActiveCfg = Debug|Any CPU
		{0E95D1DB-1703-4238-AADD-0740C913B381}.AppStore|iPhoneSimulator.Build.0 = Debug|Any CPU
		{0E95D1DB-1703-4238-AADD-0740C913B381}.AppStore|iPhoneSimulator.Deploy.0 = Debug|Any CPU
		{0E95D1DB-1703-4238-AADD-0740C913B381}.Debug|Any CPU.ActiveCfg = Debug|Any CPU
		{0E95D1DB-1703-4238-AADD-0740C913B381}.Debug|Any CPU.Build.0 = Debug|Any CPU
		{0E95D1DB-1703-4238-AADD-0740C913B381}.Debug|Any CPU.Deploy.0 = Debug|Any CPU
		{0E95D1DB-1703-4238-AADD-0740C913B381}.Debug|iPhone.ActiveCfg = Debug|Any CPU
		{0E95D1DB-1703-4238-AADD-0740C913B381}.Debug|iPhone.Build.0 = Debug|Any CPU
		{0E95D1DB-1703-4238-AADD-0740C913B381}.Debug|iPhone.Deploy.0 = Debug|Any CPU
		{0E95D1DB-1703-4238-AADD-0740C913B381}.Debug|iPhoneSimulator.ActiveCfg = Debug|Any CPU
		{0E95D1DB-1703-4238-AADD-0740C913B381}.Debug|iPhoneSimulator.Build.0 = Debug|Any CPU
		{0E95D1DB-1703-4238-AADD-0740C913B381}.Debug|iPhoneSimulator.Deploy.0 = Debug|Any CPU
		{0E95D1DB-1703-4238-AADD-0740C913B381}.Release|Any CPU.ActiveCfg = Release|Any CPU
		{0E95D1DB-1703-4238-AADD-0740C913B381}.Release|Any CPU.Build.0 = Release|Any CPU
		{0E95D1DB-1703-4238-AADD-0740C913B381}.Release|Any CPU.Deploy.0 = Release|Any CPU
		{0E95D1DB-1703-4238-AADD-0740C913B381}.Release|iPhone.ActiveCfg = Release|Any CPU
		{0E95D1DB-1703-4238-AADD-0740C913B381}.Release|iPhone.Build.0 = Release|Any CPU
		{0E95D1DB-1703-4238-AADD-0740C913B381}.Release|iPhone.Deploy.0 = Release|Any CPU
		{0E95D1DB-1703-4238-AADD-0740C913B381}.Release|iPhoneSimulator.ActiveCfg = Release|Any CPU
		{0E95D1DB-1703-4238-AADD-0740C913B381}.Release|iPhoneSimulator.Build.0 = Release|Any CPU
		{0E95D1DB-1703-4238-AADD-0740C913B381}.Release|iPhoneSimulator.Deploy.0 = Release|Any CPU
	EndGlobalSection
	GlobalSection(SolutionProperties) = preSolution
		HideSolutionNode = FALSE
	EndGlobalSection
	GlobalSection(ExtensibilityGlobals) = postSolution
		SolutionGuid = {8ED60900-96A3-4B3B-8ACF-D63F10B9B704}
	EndGlobalSection
EndGlobal
